{
  "name": "cat-eat-miniapp",
  "version": "0.1.0",
  "lockfileVersion": 3,
  "requires": true,
  "packages": {
    "": {
      "name": "cat-eat-miniapp",
      "version": "0.1.0",
      "devDependencies": {
        "@wxml/parser": "^0.4.0",
        "glass-easel-stylesheet-compiler": "^0.21.4",
        "glass-easel-template-compiler": "^0.21.4"
      }
    },
    "node_modules/@wxml/parser": {
      "version": "0.4.0",
      "resolved": "https://registry.npmjs.org/@wxml/parser/-/parser-0.4.0.tgz",
      "integrity": "sha512-pS0OPyKzCOhCPGlcfO9IDLZbqH4485bPdGDqaa+hYnI+cY/OW+GN4J88XpfdzM8wXJcJShFZy5F6MTUr2rysXg==",
      "dev": true,
      "license": "MIT"
    },
    "node_modules/glass-easel-stylesheet-compiler": {
      "version": "0.21.4",
      "resolved": "https://registry.npmjs.org/glass-easel-stylesheet-compiler/-/glass-easel-stylesheet-compiler-0.21.4.tgz",
      "integrity": "sha512-cuRZapgRzQCOodtB3FY7kW99JdQ0jNKYe3KBzAJytDYyZny/1RZBW1FW53njJmUmH88V9Rs4qxBUTV0+PfzN7Q==",
      "dev": true,
      "license": "MIT"
    },
    "node_modules/glass-easel-template-compiler": {
      "version": "0.21.4",
      "resolved": "https://registry.npmjs.org/glass-easel-template-compiler/-/glass-easel-template-compiler-0.21.4.tgz",
      "integrity": "sha512-HAIyCWc3vXpTp2bHq10fUgg9z44mZzcjTZP3x71qAY7G92j+AWa8fPAGNXs5DoRHrDk9XbTv0yKrh16eRMRHVQ==",
      "dev": true,
      "license": "MIT"
    }
  }
}
